
Microsoft Visual Studio Solution File, Format Version 12.00
# Visual Studio Version 17
VisualStudioVersion = 17.8.34408.163
MinimumVisualStudioVersion = 10.0.40219.1
Project("{FAE04EC0-301F-11D3-BF4B-00C04F79EFBC}") = "Ivz", "Ivz\Ivz.csproj", "{A9BDE303-242B-42A8-8D22-ED50BCBBC1C6}"
EndProject
Global
	GlobalSection(SolutionConfigurationPlatforms) = preSolution
		Debug|Any CPU = Debug|Any CPU
		Release|Any CPU = Release|Any CPU
	EndGlobalSection
	GlobalSection(ProjectConfigurationPlatforms) = postSolution
		{A9BDE303-242B-42A8-8D22-ED50BCBBC1C6}.Debug|Any CPU.ActiveCfg = Debug|Any CPU
		{A9BDE303-242B-42A8-8D22-ED50BCBBC1C6}.Debug|Any CPU.Build.0 = Debug|Any CPU
		{A9BDE303-242B-42A8-8D22-ED50BCBBC1C6}.Release|Any CPU.ActiveCfg = Release|Any CPU
		{A9BDE303-242B-42A8-8D22-ED50BCBBC1C6}.Release|Any CPU.Build.0 = Release|Any CPU
	EndGlobalSection
	GlobalSection(SolutionProperties) = preSolution
		HideSolutionNode = FALSE
	EndGlobalSection
	GlobalSection(ExtensibilityGlobals) = postSolution
		SolutionGuid = {B7CDCDBD-35F5-475B-B4EC-58F566CD1373}
	EndGlobalSection
EndGlobal
